
Microsoft Visual Studio Solution File, Format Version 12.00
# Visual Studio Version 16
VisualStudioVersion = 16.0.30523.141
MinimumVisualStudioVersion = 10.0.40219.1
Project("{FAE04EC0-301F-11D3-BF4B-00C04F79EFBC}") = "Pop_Mihaela_Lab8", "Pop_Mihaela_Lab8.csproj", "{99A6B4FD-611B-4D6A-9F62-B62AB85C8F57}"
EndProject
Global
	GlobalSection(SolutionConfigurationPlatforms) = preSolution
		Debug|Any CPU = Debug|Any CPU
		Release|Any CPU = Release|Any CPU
	EndGlobalSection
	GlobalSection(ProjectConfigurationPlatforms) = postSolution
		{99A6B4FD-611B-4D6A-9F62-B62AB85C8F57}.Debug|Any CPU.ActiveCfg = Debug|Any CPU
		{99A6B4FD-611B-4D6A-9F62-B62AB85C8F57}.Debug|Any CPU.Build.0 = Debug|Any CPU
		{99A6B4FD-611B-4D6A-9F62-B62AB85C8F57}.Release|Any CPU.ActiveCfg = Release|Any CPU
		{99A6B4FD-611B-4D6A-9F62-B62AB85C8F57}.Release|Any CPU.Build.0 = Release|Any CPU
	EndGlobalSection
	GlobalSection(SolutionProperties) = preSolution
		HideSolutionNode = FALSE
	EndGlobalSection
	GlobalSection(ExtensibilityGlobals) = postSolution
		SolutionGuid = {A4A6AEE9-EB47-40CB-A247-843C2A1C6FAA}
	EndGlobalSection
EndGlobal
